
Microsoft Visual Studio Solution File, Format Version 12.00
# Visual Studio 15
VisualStudioVersion = 15.0.28307.168
MinimumVisualStudioVersion = 10.0.40219.1
Project("{FAE04EC0-301F-11D3-BF4B-00C04F79EFBC}") = "SmartShop", "SmartShop\SmartShop.csproj", "{E5771B70-256A-4333-BE85-09F663C21EAB}"
EndProject
Project("{FAE04EC0-301F-11D3-BF4B-00C04F79EFBC}") = "UserManagment", "UserManagmentModule\UserManagment.csproj", "{175BD4DA-3CB8-4734-8C84-5E43F55FB87A}"
EndProject
Project("{FAE04EC0-301F-11D3-BF4B-00C04F79EFBC}") = "SmartShop.Abstraction.Bll", "SmartShop.Abstraction.Bll\SmartShop.Abstraction.Bll.csproj", "{B87EBECF-8AF0-478D-A9D8-63FB56C8F42D}"
EndProject
Project("{FAE04EC0-301F-11D3-BF4B-00C04F79EFBC}") = "SmartShop.Models", "SmartShop.Models\SmartShop.Models.csproj", "{6486A8A1-ED2C-4378-A6C0-3E762EEE52ED}"
EndProject
Project("{FAE04EC0-301F-11D3-BF4B-00C04F79EFBC}") = "SmartShop.Bll", "SmartShop.Bll\SmartShop.Bll.csproj", "{463651F4-0396-4445-9637-64CB4924BF80}"
EndProject
Project("{2150E333-8FDC-42A3-9474-1A3956D46DE8}") = "Api", "Api", "{1AD903A9-C299-4F48-A03C-05D6C95EBEDA}"
EndProject
Project("{FAE04EC0-301F-11D3-BF4B-00C04F79EFBC}") = "SmartShop.Api", "SmartShop.Api\SmartShop.Api.csproj", "{99785C57-F3CE-49D3-B40A-360E73601201}"
EndProject
Project("{FAE04EC0-301F-11D3-BF4B-00C04F79EFBC}") = "SmartShop.Api.Abstraction.Bll", "SmartShop.Api.Abstraction.Bll\SmartShop.Api.Abstraction.Bll.csproj", "{0ED5C521-76A3-48C8-AF39-860B3CD3E8AB}"
EndProject
Project("{FAE04EC0-301F-11D3-BF4B-00C04F79EFBC}") = "SmartShop.Api.Bll", "SmartShop.Api.Bll\SmartShop.Api.Bll.csproj", "{FEF0E2F3-8367-4523-BA63-E46E89D67A2E}"
EndProject
Project("{FAE04EC0-301F-11D3-BF4B-00C04F79EFBC}") = "SmartShop.Api.Abstraction.Dal", "SmartShop.Api.Abstraction.Dal\SmartShop.Api.Abstraction.Dal.csproj", "{94BD0A39-1314-4A52-ADA5-DE70C91A0CF8}"
EndProject
Project("{FAE04EC0-301F-11D3-BF4B-00C04F79EFBC}") = "SmartShop.Api.Dal", "SmartShop.Api.Dal\SmartShop.Api.Dal.csproj", "{2EFB8F71-67C8-4846-9C1B-FB0A013A966B}"
EndProject
Project("{FAE04EC0-301F-11D3-BF4B-00C04F79EFBC}") = "SmartShop.Api.Models", "SmartShop.Api.Models\SmartShop.Api.Models.csproj", "{A8FDCAEB-3B8F-4B56-9C55-6D47952B8F82}"
EndProject
Project("{2150E333-8FDC-42A3-9474-1A3956D46DE8}") = "Desctop", "Desctop", "{4161B542-2745-4FBD-9134-3C8ABD659D61}"
EndProject
Project("{2150E333-8FDC-42A3-9474-1A3956D46DE8}") = "View", "View", "{8CA48411-2CE4-42C8-A65D-DEA18CF6D56A}"
EndProject
Project("{2150E333-8FDC-42A3-9474-1A3956D46DE8}") = "Domain", "Domain", "{06CEA947-6B58-498D-B30C-BCA52B777639}"
EndProject
Project("{2150E333-8FDC-42A3-9474-1A3956D46DE8}") = "DataAccess", "DataAccess", "{F69249BC-BC0F-42E9-A813-2732ABAC107C}"
EndProject
Project("{2150E333-8FDC-42A3-9474-1A3956D46DE8}") = "Domain", "Domain", "{BCDAB12C-92F4-4409-AC63-38408171964C}"
EndProject
Project("{2150E333-8FDC-42A3-9474-1A3956D46DE8}") = "DataAccess", "DataAccess", "{3CFC2AF1-5408-41EC-BAE5-A2CBDCAB8CEA}"
EndProject
Global
	GlobalSection(SolutionConfigurationPlatforms) = preSolution
		Debug|Any CPU = Debug|Any CPU
		Release|Any CPU = Release|Any CPU
	EndGlobalSection
	GlobalSection(ProjectConfigurationPlatforms) = postSolution
		{E5771B70-256A-4333-BE85-09F663C21EAB}.Debug|Any CPU.ActiveCfg = Debug|Any CPU
		{E5771B70-256A-4333-BE85-09F663C21EAB}.Debug|Any CPU.Build.0 = Debug|Any CPU
		{E5771B70-256A-4333-BE85-09F663C21EAB}.Release|Any CPU.ActiveCfg = Release|Any CPU
		{E5771B70-256A-4333-BE85-09F663C21EAB}.Release|Any CPU.Build.0 = Release|Any CPU
		{175BD4DA-3CB8-4734-8C84-5E43F55FB87A}.Debug|Any CPU.ActiveCfg = Debug|Any CPU
		{175BD4DA-3CB8-4734-8C84-5E43F55FB87A}.Debug|Any CPU.Build.0 = Debug|Any CPU
		{175BD4DA-3CB8-4734-8C84-5E43F55FB87A}.Release|Any CPU.ActiveCfg = Release|Any CPU
		{175BD4DA-3CB8-4734-8C84-5E43F55FB87A}.Release|Any CPU.Build.0 = Release|Any CPU
		{B87EBECF-8AF0-478D-A9D8-63FB56C8F42D}.Debug|Any CPU.ActiveCfg = Debug|Any CPU
		{B87EBECF-8AF0-478D-A9D8-63FB56C8F42D}.Debug|Any CPU.Build.0 = Debug|Any CPU
		{B87EBECF-8AF0-478D-A9D8-63FB56C8F42D}.Release|Any CPU.ActiveCfg = Release|Any CPU
		{B87EBECF-8AF0-478D-A9D8-63FB56C8F42D}.Release|Any CPU.Build.0 = Release|Any CPU
		{6486A8A1-ED2C-4378-A6C0-3E762EEE52ED}.Debug|Any CPU.ActiveCfg = Debug|Any CPU
		{6486A8A1-ED2C-4378-A6C0-3E762EEE52ED}.Debug|Any CPU.Build.0 = Debug|Any CPU
		{6486A8A1-ED2C-4378-A6C0-3E762EEE52ED}.Release|Any CPU.ActiveCfg = Release|Any CPU
		{6486A8A1-ED2C-4378-A6C0-3E762EEE52ED}.Release|Any CPU.Build.0 = Release|Any CPU
		{463651F4-0396-4445-9637-64CB4924BF80}.Debug|Any CPU.ActiveCfg = Debug|Any CPU
		{463651F4-0396-4445-9637-64CB4924BF80}.Debug|Any CPU.Build.0 = Debug|Any CPU
		{463651F4-0396-4445-9637-64CB4924BF80}.Release|Any CPU.ActiveCfg = Release|Any CPU
		{463651F4-0396-4445-9637-64CB4924BF80}.Release|Any CPU.Build.0 = Release|Any CPU
		{99785C57-F3CE-49D3-B40A-360E73601201}.Debug|Any CPU.ActiveCfg = Debug|Any CPU
		{99785C57-F3CE-49D3-B40A-360E73601201}.Debug|Any CPU.Build.0 = Debug|Any CPU
		{99785C57-F3CE-49D3-B40A-360E73601201}.Release|Any CPU.ActiveCfg = Release|Any CPU
		{99785C57-F3CE-49D3-B40A-360E73601201}.Release|Any CPU.Build.0 = Release|Any CPU
		{0ED5C521-76A3-48C8-AF39-860B3CD3E8AB}.Debug|Any CPU.ActiveCfg = Debug|Any CPU
		{0ED5C521-76A3-48C8-AF39-860B3CD3E8AB}.Debug|Any CPU.Build.0 = Debug|Any CPU
		{0ED5C521-76A3-48C8-AF39-860B3CD3E8AB}.Release|Any CPU.ActiveCfg = Release|Any CPU
		{0ED5C521-76A3-48C8-AF39-860B3CD3E8AB}.Release|Any CPU.Build.0 = Release|Any CPU
		{FEF0E2F3-8367-4523-BA63-E46E89D67A2E}.Debug|Any CPU.ActiveCfg = Debug|Any CPU
		{FEF0E2F3-8367-4523-BA63-E46E89D67A2E}.Debug|Any CPU.Build.0 = Debug|Any CPU
		{FEF0E2F3-8367-4523-BA63-E46E89D67A2E}.Release|Any CPU.ActiveCfg = Release|Any CPU
		{FEF0E2F3-8367-4523-BA63-E46E89D67A2E}.Release|Any CPU.Build.0 = Release|Any CPU
		{94BD0A39-1314-4A52-ADA5-DE70C91A0CF8}.Debug|Any CPU.ActiveCfg = Debug|Any CPU
		{94BD0A39-1314-4A52-ADA5-DE70C91A0CF8}.Debug|Any CPU.Build.0 = Debug|Any CPU
		{94BD0A39-1314-4A52-ADA5-DE70C91A0CF8}.Release|Any CPU.ActiveCfg = Release|Any CPU
		{94BD0A39-1314-4A52-ADA5-DE70C91A0CF8}.Release|Any CPU.Build.0 = Release|Any CPU
		{2EFB8F71-67C8-4846-9C1B-FB0A013A966B}.Debug|Any CPU.ActiveCfg = Debug|Any CPU
		{2EFB8F71-67C8-4846-9C1B-FB0A013A966B}.Debug|Any CPU.Build.0 = Debug|Any CPU
		{2EFB8F71-67C8-4846-9C1B-FB0A013A966B}.Release|Any CPU.ActiveCfg = Release|Any CPU
		{2EFB8F71-67C8-4846-9C1B-FB0A013A966B}.Release|Any CPU.Build.0 = Release|Any CPU
		{A8FDCAEB-3B8F-4B56-9C55-6D47952B8F82}.Debug|Any CPU.ActiveCfg = Debug|Any CPU
		{A8FDCAEB-3B8F-4B56-9C55-6D47952B8F82}.Debug|Any CPU.Build.0 = Debug|Any CPU
		{A8FDCAEB-3B8F-4B56-9C55-6D47952B8F82}.Release|Any CPU.ActiveCfg = Release|Any CPU
		{A8FDCAEB-3B8F-4B56-9C55-6D47952B8F82}.Release|Any CPU.Build.0 = Release|Any CPU
	EndGlobalSection
	GlobalSection(SolutionProperties) = preSolution
		HideSolutionNode = FALSE
	EndGlobalSection
	GlobalSection(NestedProjects) = preSolution
		{E5771B70-256A-4333-BE85-09F663C21EAB} = {8CA48411-2CE4-42C8-A65D-DEA18CF6D56A}
		{175BD4DA-3CB8-4734-8C84-5E43F55FB87A} = {8CA48411-2CE4-42C8-A65D-DEA18CF6D56A}
		{B87EBECF-8AF0-478D-A9D8-63FB56C8F42D} = {06CEA947-6B58-498D-B30C-BCA52B777639}
		{6486A8A1-ED2C-4378-A6C0-3E762EEE52ED} = {4161B542-2745-4FBD-9134-3C8ABD659D61}
		{463651F4-0396-4445-9637-64CB4924BF80} = {06CEA947-6B58-498D-B30C-BCA52B777639}
		{99785C57-F3CE-49D3-B40A-360E73601201} = {1AD903A9-C299-4F48-A03C-05D6C95EBEDA}
		{0ED5C521-76A3-48C8-AF39-860B3CD3E8AB} = {BCDAB12C-92F4-4409-AC63-38408171964C}
		{FEF0E2F3-8367-4523-BA63-E46E89D67A2E} = {BCDAB12C-92F4-4409-AC63-38408171964C}
		{94BD0A39-1314-4A52-ADA5-DE70C91A0CF8} = {3CFC2AF1-5408-41EC-BAE5-A2CBDCAB8CEA}
		{2EFB8F71-67C8-4846-9C1B-FB0A013A966B} = {3CFC2AF1-5408-41EC-BAE5-A2CBDCAB8CEA}
		{A8FDCAEB-3B8F-4B56-9C55-6D47952B8F82} = {1AD903A9-C299-4F48-A03C-05D6C95EBEDA}
		{8CA48411-2CE4-42C8-A65D-DEA18CF6D56A} = {4161B542-2745-4FBD-9134-3C8ABD659D61}
		{06CEA947-6B58-498D-B30C-BCA52B777639} = {4161B542-2745-4FBD-9134-3C8ABD659D61}
		{F69249BC-BC0F-42E9-A813-2732ABAC107C} = {4161B542-2745-4FBD-9134-3C8ABD659D61}
		{BCDAB12C-92F4-4409-AC63-38408171964C} = {1AD903A9-C299-4F48-A03C-05D6C95EBEDA}
		{3CFC2AF1-5408-41EC-BAE5-A2CBDCAB8CEA} = {1AD903A9-C299-4F48-A03C-05D6C95EBEDA}
	EndGlobalSection
	GlobalSection(ExtensibilityGlobals) = postSolution
		SolutionGuid = {17C1C67A-7D64-48DA-AD98-9FA4D45E497E}
	EndGlobalSection
EndGlobal
